
Microsoft Visual Studio Solution File, Format Version 12.00
# Visual Studio Version 17
VisualStudioVersion = 17.3.32825.248
MinimumVisualStudioVersion = 10.0.40219.1
Project("{FAE04EC0-301F-11D3-BF4B-00C04F79EFBC}") = "Datos", "Datos\Datos.csproj", "{A01F42DA-A182-4AD4-A1D9-BF194AB943E7}"
EndProject
Project("{FAE04EC0-301F-11D3-BF4B-00C04F79EFBC}") = "Modelos", "Modelos\Modelos.csproj", "{B67628D4-6CD9-4E3F-A560-A604F5D933FD}"
EndProject
Project("{FAE04EC0-301F-11D3-BF4B-00C04F79EFBC}") = "Negocio", "Negocio\Negocio.csproj", "{7082D3C4-AD42-4FA1-808C-B28690848207}"
EndProject
Project("{FAE04EC0-301F-11D3-BF4B-00C04F79EFBC}") = "UI", "UI\UI.csproj", "{68AEDAF4-BD7D-4219-81AC-C2E4408C47A0}"
EndProject
Global
	GlobalSection(SolutionConfigurationPlatforms) = preSolution
		Debug|Any CPU = Debug|Any CPU
		Release|Any CPU = Release|Any CPU
	EndGlobalSection
	GlobalSection(ProjectConfigurationPlatforms) = postSolution
		{A01F42DA-A182-4AD4-A1D9-BF194AB943E7}.Debug|Any CPU.ActiveCfg = Debug|Any CPU
		{A01F42DA-A182-4AD4-A1D9-BF194AB943E7}.Debug|Any CPU.Build.0 = Debug|Any CPU
		{A01F42DA-A182-4AD4-A1D9-BF194AB943E7}.Release|Any CPU.ActiveCfg = Release|Any CPU
		{A01F42DA-A182-4AD4-A1D9-BF194AB943E7}.Release|Any CPU.Build.0 = Release|Any CPU
		{B67628D4-6CD9-4E3F-A560-A604F5D933FD}.Debug|Any CPU.ActiveCfg = Debug|Any CPU
		{B67628D4-6CD9-4E3F-A560-A604F5D933FD}.Debug|Any CPU.Build.0 = Debug|Any CPU
		{B67628D4-6CD9-4E3F-A560-A604F5D933FD}.Release|Any CPU.ActiveCfg = Release|Any CPU
		{B67628D4-6CD9-4E3F-A560-A604F5D933FD}.Release|Any CPU.Build.0 = Release|Any CPU
		{7082D3C4-AD42-4FA1-808C-B28690848207}.Debug|Any CPU.ActiveCfg = Debug|Any CPU
		{7082D3C4-AD42-4FA1-808C-B28690848207}.Debug|Any CPU.Build.0 = Debug|Any CPU
		{7082D3C4-AD42-4FA1-808C-B28690848207}.Release|Any CPU.ActiveCfg = Release|Any CPU
		{7082D3C4-AD42-4FA1-808C-B28690848207}.Release|Any CPU.Build.0 = Release|Any CPU
		{68AEDAF4-BD7D-4219-81AC-C2E4408C47A0}.Debug|Any CPU.ActiveCfg = Debug|Any CPU
		{68AEDAF4-BD7D-4219-81AC-C2E4408C47A0}.Debug|Any CPU.Build.0 = Debug|Any CPU
		{68AEDAF4-BD7D-4219-81AC-C2E4408C47A0}.Release|Any CPU.ActiveCfg = Release|Any CPU
		{68AEDAF4-BD7D-4219-81AC-C2E4408C47A0}.Release|Any CPU.Build.0 = Release|Any CPU
	EndGlobalSection
	GlobalSection(SolutionProperties) = preSolution
		HideSolutionNode = FALSE
	EndGlobalSection
	GlobalSection(ExtensibilityGlobals) = postSolution
		SolutionGuid = {6679DC8D-AF34-4C5E-86E4-948D84D238AE}
	EndGlobalSection
EndGlobal
